
Microsoft Visual Studio Solution File, Format Version 11.00
# Visual Studio 2010
Project("{FAE04EC0-301F-11D3-BF4B-00C04F79EFBC}") = "Assembly-CSharp", "Assembly-CSharp.csproj", "{3B54F453-61DD-9303-6ED8-BEC646AADF81}"
EndProject
Project("{FAE04EC0-301F-11D3-BF4B-00C04F79EFBC}") = "Assembly-CSharp-Editor", "Assembly-CSharp-Editor.csproj", "{EAE2E6A7-A446-70BD-63C5-BE54CCF5DBF3}"
EndProject
Global
	GlobalSection(SolutionConfigurationPlatforms) = preSolution
		Debug|Any CPU = Debug|Any CPU
		Release|Any CPU = Release|Any CPU
	EndGlobalSection
	GlobalSection(ProjectConfigurationPlatforms) = postSolution
		{3B54F453-61DD-9303-6ED8-BEC646AADF81}.Debug|Any CPU.ActiveCfg = Debug|Any CPU
		{3B54F453-61DD-9303-6ED8-BEC646AADF81}.Debug|Any CPU.Build.0 = Debug|Any CPU
		{3B54F453-61DD-9303-6ED8-BEC646AADF81}.Release|Any CPU.ActiveCfg = Release|Any CPU
		{3B54F453-61DD-9303-6ED8-BEC646AADF81}.Release|Any CPU.Build.0 = Release|Any CPU
		{EAE2E6A7-A446-70BD-63C5-BE54CCF5DBF3}.Debug|Any CPU.ActiveCfg = Debug|Any CPU
		{EAE2E6A7-A446-70BD-63C5-BE54CCF5DBF3}.Debug|Any CPU.Build.0 = Debug|Any CPU
		{EAE2E6A7-A446-70BD-63C5-BE54CCF5DBF3}.Release|Any CPU.ActiveCfg = Release|Any CPU
		{EAE2E6A7-A446-70BD-63C5-BE54CCF5DBF3}.Release|Any CPU.Build.0 = Release|Any CPU
	EndGlobalSection
	GlobalSection(SolutionProperties) = preSolution
		HideSolutionNode = FALSE
	EndGlobalSection
	GlobalSection(MonoDevelopProperties) = preSolution
		StartupItem = Assembly-CSharp.csproj
	EndGlobalSection
EndGlobal
